// !$*UTF8*$!
{
	archiveVersion = 1;
	classes = {
	};
	objectVersion = 56;
	objects = {

/* Begin PBXBuildFile section */
		E3035B3E2903F38C00FC0392 /* .gitignore in Resources */ = {isa = PBXBuildFile; fileRef = E3035B3D2903F38C00FC0392 /* .gitignore */; };
		E3035B402904E1A200FC0392 /* OptionSelector.swift in Sources */ = {isa = PBXBuildFile; fileRef = E3035B3F2904E1A200FC0392 /* OptionSelector.swift */; };
		E3035B4229051FC700FC0392 /* README.md in Resources */ = {isa = PBXBuildFile; fileRef = E3035B4129051FC700FC0392 /* README.md */; };
		E3831A95290129860005AC2B /* scale2xApp.swift in Sources */ = {isa = PBXBuildFile; fileRef = E3831A94290129860005AC2B /* scale2xApp.swift */; };
		E3831A97290129860005AC2B /* ContentView.swift in Sources */ = {isa = PBXBuildFile; fileRef = E3831A96290129860005AC2B /* ContentView.swift */; };
		E3831A99290129870005AC2B /* Assets.xcassets in Resources */ = {isa = PBXBuildFile; fileRef = E3831A98290129870005AC2B /* Assets.xcassets */; };
		E3831A9C290129870005AC2B /* Preview Assets.xcassets in Resources */ = {isa = PBXBuildFile; fileRef = E3831A9B290129870005AC2B /* Preview Assets.xcassets */; };
		E3831AA3290129B10005AC2B /* ImagePicker.swift in Sources */ = {isa = PBXBuildFile; fileRef = E3831AA2290129B10005AC2B /* ImagePicker.swift */; };
		E3E8C92829012CE800C57386 /* Scale2x.swift in Sources */ = {isa = PBXBuildFile; fileRef = E3E8C92729012CE800C57386 /* Scale2x.swift */; };
/* End PBXBuildFile section */

/* Begin PBXFileReference section */
		E3035B3D2903F38C00FC0392 /* .gitignore */ = {isa = PBXFileReference; lastKnownFileType = text; path = .gitignore; sourceTree = "<group>"; };
		E3035B3F2904E1A200FC0392 /* OptionSelector.swift */ = {isa = PBXFileReference; lastKnownFileType = sourcecode.swift; path = OptionSelector.swift; sourceTree = "<group>"; };
		E3035B4129051FC700FC0392 /* README.md */ = {isa = PBXFileReference; lastKnownFileType = net.daringfireball.markdown; path = README.md; sourceTree = "<group>"; };
		E3831A91290129860005AC2B /* scale2x.app */ = {isa = PBXFileReference; explicitFileType = wrapper.application; includeInIndex = 0; path = scale2x.app; sourceTree = BUILT_PRODUCTS_DIR; };
		E3831A94290129860005AC2B /* scale2xApp.swift */ = {isa = PBXFileReference; lastKnownFileType = sourcecode.swift; path = scale2xApp.swift; sourceTree = "<group>"; };
		E3831A96290129860005AC2B /* ContentView.swift */ = {isa = PBXFileReference; lastKnownFileType = sourcecode.swift; path = ContentView.swift; sourceTree = "<group>"; };
		E3831A98290129870005AC2B /* Assets.xcassets */ = {isa = PBXFileReference; lastKnownFileType = folder.assetcatalog; path = Assets.xcassets; sourceTree = "<group>"; };
		E3831A9B290129870005AC2B /* Preview Assets.xcassets */ = {isa = PBXFileReference; lastKnownFileType = folder.assetcatalog; path = "Preview Assets.xcassets"; sourceTree = "<group>"; };
		E3831AA2290129B10005AC2B /* ImagePicker.swift */ = {isa = PBXFileReference; lastKnownFileType = sourcecode.swift; path = ImagePicker.swift; sourceTree = "<group>"; };
		E3E8C92729012CE800C57386 /* Scale2x.swift */ = {isa = PBXFileReference; lastKnownFileType = sourcecode.swift; path = Scale2x.swift; sourceTree = "<group>"; };
/* End PBXFileReference section */

/* Begin PBXFrameworksBuildPhase section */
		E3831A8E290129860005AC2B /* Frameworks */ = {
			isa = PBXFrameworksBuildPhase;
			buildActionMask = 2147483647;
			files = (
			);
			runOnlyForDeploymentPostprocessing = 0;
		};
/* End PBXFrameworksBuildPhase section */

/* Begin PBXGroup section */
		E3831A88290129860005AC2B = {
			isa = PBXGroup;
			children = (
				E3035B4129051FC700FC0392 /* README.md */,
				E3035B3D2903F38C00FC0392 /* .gitignore */,
				E3831A93290129860005AC2B /* scale2x */,
				E3831A92290129860005AC2B /* Products */,
			);
			sourceTree = "<group>";
		};
		E3831A92290129860005AC2B /* Products */ = {
			isa = PBXGroup;
			children = (
				E3831A91290129860005AC2B /* scale2x.app */,
			);
			name = Products;
			sourceTree = "<group>";
		};
		E3831A93290129860005AC2B /* scale2x */ = {
			isa = PBXGroup;
			children = (
				E3035B3F2904E1A200FC0392 /* OptionSelector.swift */,
				E3831A94290129860005AC2B /* scale2xApp.swift */,
				E3831A96290129860005AC2B /* ContentView.swift */,
				E3831A98290129870005AC2B /* Assets.xcassets */,
				E3831A9A290129870005AC2B /* Preview Content */,
				E3831AA2290129B10005AC2B /* ImagePicker.swift */,
				E3E8C92729012CE800C57386 /* Scale2x.swift */,
			);
			path = scale2x;
			sourceTree = "<group>";
		};
		E3831A9A290129870005AC2B /* Preview Content */ = {
			isa = PBXGroup;
			children = (
				E3831A9B290129870005AC2B /* Preview Assets.xcassets */,
			);
			path = "Preview Content";
			sourceTree = "<group>";
		};
/* End PBXGroup section */

/* Begin PBXNativeTarget section */
		E3831A90290129860005AC2B /* scale2x */ = {
			isa = PBXNativeTarget;
			buildConfigurationList = E3831A9F290129870005AC2B /* Build configuration list for PBXNativeTarget "scale2x" */;
			buildPhases = (
				E3831A8D290129860005AC2B /* Sources */,
				E3831A8E290129860005AC2B /* Frameworks */,
				E3831A8F290129860005AC2B /* Resources */,
			);
			buildRules = (
			);
			dependencies = (
			);
			name = scale2x;
			productName = scale2x;
			productReference = E3831A91290129860005AC2B /* scale2x.app */;
			productType = "com.apple.product-type.application";
		};
/* End PBXNativeTarget section */

/* Begin PBXProject section */
		E3831A89290129860005AC2B /* Project object */ = {
			isa = PBXProject;
			attributes = {
				BuildIndependentTargetsInParallel = 1;
				LastSwiftUpdateCheck = 1400;
				LastUpgradeCheck = 1400;
				TargetAttributes = {
					E3831A90290129860005AC2B = {
						CreatedOnToolsVersion = 14.0;
					};
				};
			};
			buildConfigurationList = E3831A8C290129860005AC2B /* Build configuration list for PBXProject "scale2x" */;
			compatibilityVersion = "Xcode 14.0";
			developmentRegion = en;
			hasScannedForEncodings = 0;
			knownRegions = (
				en,
				Base,
			);
			mainGroup = E3831A88290129860005AC2B;
			productRefGroup = E3831A92290129860005AC2B /* Products */;
			projectDirPath = "";
			projectRoot = "";
			targets = (
				E3831A90290129860005AC2B /* scale2x */,
			);
		};
/* End PBXProject section */

/* Begin PBXResourcesBuildPhase section */
		E3831A8F290129860005AC2B /* Resources */ = {
			isa = PBXResourcesBuildPhase;
			buildActionMask = 2147483647;
			files = (
				E3831A9C290129870005AC2B /* Preview Assets.xcassets in Resources */,
				E3035B3E2903F38C00FC0392 /* .gitignore in Resources */,
				E3035B4229051FC700FC0392 /* README.md in Resources */,
				E3831A99290129870005AC2B /* Assets.xcassets in Resources */,
			);
			runOnlyForDeploymentPostprocessing = 0;
		};
/* End PBXResourcesBuildPhase section */

/* Begin PBXSourcesBuildPhase section */
		E3831A8D290129860005AC2B /* Sources */ = {
			isa = PBXSourcesBuildPhase;
			buildActionMask = 2147483647;
			files = (
				E3035B402904E1A200FC0392 /* OptionSelector.swift in Sources */,
				E3831AA3290129B10005AC2B /* ImagePicker.swift in Sources */,
				E3831A97290129860005AC2B /* ContentView.swift in Sources */,
				E3E8C92829012CE800C57386 /* Scale2x.swift in Sources */,
				E3831A95290129860005AC2B /* scale2xApp.swift in Sources */,
			);
			runOnlyForDeploymentPostprocessing = 0;
		};
/* End PBXSourcesBuildPhase section */

/* Begin XCBuildConfiguration section */
		E3831A9D290129870005AC2B /* Debug */ = {
			isa = XCBuildConfiguration;
			buildSettings = {
				ALWAYS_SEARCH_USER_PATHS = NO;
				CLANG_ANALYZER_NONNULL = YES;
				CLANG_ANALYZER_NUMBER_OBJECT_CONVERSION = YES_AGGRESSIVE;
				CLANG_CXX_LANGUAGE_STANDARD = "gnu++20";
				CLANG_ENABLE_MODULES = YES;
				CLANG_ENABLE_OBJC_ARC = YES;
				CLANG_ENABLE_OBJC_WEAK = YES;
				CLANG_WARN_BLOCK_CAPTURE_AUTORELEASING = YES;
				CLANG_WARN_BOOL_CONVERSION = YES;
				CLANG_WARN_COMMA = YES;
				CLANG_WARN_CONSTANT_CONVERSION = YES;
				CLANG_WARN_DEPRECATED_OBJC_IMPLEMENTATIONS = YES;
				CLANG_WARN_DIRECT_OBJC_ISA_USAGE = YES_ERROR;
				CLANG_WARN_DOCUMENTATION_COMMENTS = YES;
				CLANG_WARN_EMPTY_BODY = YES;
				CLANG_WARN_ENUM_CONVERSION = YES;
				CLANG_WARN_INFINITE_RECURSION = YES;
				CLANG_WARN_INT_CONVERSION = YES;
				CLANG_WARN_NON_LITERAL_NULL_CONVERSION = YES;
				CLANG_WARN_OBJC_IMPLICIT_RETAIN_SELF = YES;
				CLANG_WARN_OBJC_LITERAL_CONVERSION = YES;
				CLANG_WARN_OBJC_ROOT_CLASS = YES_ERROR;
				CLANG_WARN_QUOTED_INCLUDE_IN_FRAMEWORK_HEADER = YES;
				CLANG_WARN_RANGE_LOOP_ANALYSIS = YES;
				CLANG_WARN_STRICT_PROTOTYPES = YES;
				CLANG_WARN_SUSPICIOUS_MOVE = YES;
				CLANG_WARN_UNGUARDED_AVAILABILITY = YES_AGGRESSIVE;
				CLANG_WARN_UNREACHABLE_CODE = YES;
				CLANG_WARN__DUPLICATE_METHOD_MATCH = YES;
				COPY_PHASE_STRIP = NO;
				DEBUG_INFORMATION_FORMAT = dwarf;
				ENABLE_STRICT_OBJC_MSGSEND = YES;
				ENABLE_TESTABILITY = YES;
				GCC_C_LANGUAGE_STANDARD = gnu11;
				GCC_DYNAMIC_NO_PIC = NO;
				GCC_NO_COMMON_BLOCKS = YES;
				GCC_OPTIMIZATION_LEVEL = 0;
				GCC_PREPROCESSOR_DEFINITIONS = (
					"DEBUG=1",
					"$(inherited)",
				);
				GCC_WARN_64_TO_32_BIT_CONVERSION = YES;
				GCC_WARN_ABOUT_RETURN_TYPE = YES_ERROR;
				GCC_WARN_UNDECLARED_SELECTOR = YES;
				GCC_WARN_UNINITIALIZED_AUTOS = YES_AGGRESSIVE;
				GCC_WARN_UNUSED_FUNCTION = YES;
				GCC_WARN_UNUSED_VARIABLE = YES;
				IPHONEOS_DEPLOYMENT_TARGET = 15.5;
				MTL_ENABLE_DEBUG_INFO = INCLUDE_SOURCE;
				MTL_FAST_MATH = YES;
				ONLY_ACTIVE_ARCH = YES;
				SDKROOT = iphoneos;
				SWIFT_ACTIVE_COMPILATION_CONDITIONS = DEBUG;
				SWIFT_OPTIMIZATION_LEVEL = "-Onone";
				SWIFT_VERSION = 5.0;
			};
			name = Debug;
		};
		E3831A9E290129870005AC2B /* Release */ = {
			isa = XCBuildConfiguration;
			buildSettings = {
				ALWAYS_SEARCH_USER_PATHS = NO;
				CLANG_ANALYZER_NONNULL = YES;
				CLANG_ANALYZER_NUMBER_OBJECT_CONVERSION = YES_AGGRESSIVE;
				CLANG_CXX_LANGUAGE_STANDARD = "gnu++20";
				CLANG_ENABLE_MODULES = YES;
				CLANG_ENABLE_OBJC_ARC = YES;
				CLANG_ENABLE_OBJC_WEAK = YES;
				CLANG_WARN_BLOCK_CAPTURE_AUTORELEASING = YES;
				CLANG_WARN_BOOL_CONVERSION = YES;
				CLANG_WARN_COMMA = YES;
				CLANG_WARN_CONSTANT_CONVERSION = YES;
				CLANG_WARN_DEPRECATED_OBJC_IMPLEMENTATIONS = YES;
				CLANG_WARN_DIRECT_OBJC_ISA_USAGE = YES_ERROR;
				CLANG_WARN_DOCUMENTATION_COMMENTS = YES;
				CLANG_WARN_EMPTY_BODY = YES;
				CLANG_WARN_ENUM_CONVERSION = YES;
				CLANG_WARN_INFINITE_RECURSION = YES;
				CLANG_WARN_INT_CONVERSION = YES;
				CLANG_WARN_NON_LITERAL_NULL_CONVERSION = YES;
				CLANG_WARN_OBJC_IMPLICIT_RETAIN_SELF = YES;
				CLANG_WARN_OBJC_LITERAL_CONVERSION = YES;
				CLANG_WARN_OBJC_ROOT_CLASS = YES_ERROR;
				CLANG_WARN_QUOTED_INCLUDE_IN_FRAMEWORK_HEADER = YES;
				CLANG_WARN_RANGE_LOOP_ANALYSIS = YES;
				CLANG_WARN_STRICT_PROTOTYPES = YES;
				CLANG_WARN_SUSPICIOUS_MOVE = YES;
				CLANG_WARN_UNGUARDED_AVAILABILITY = YES_AGGRESSIVE;
				CLANG_WARN_UNREACHABLE_CODE = YES;
				CLANG_WARN__DUPLICATE_METHOD_MATCH = YES;
				COPY_PHASE_STRIP = NO;
				DEBUG_INFORMATION_FORMAT = "dwarf-with-dsym";
				ENABLE_NS_ASSERTIONS = NO;
				ENABLE_STRICT_OBJC_MSGSEND = YES;
				GCC_C_LANGUAGE_STANDARD = gnu11;
				GCC_NO_COMMON_BLOCKS = YES;
				GCC_WARN_64_TO_32_BIT_CONVERSION = YES;
				GCC_WARN_ABOUT_RETURN_TYPE = YES_ERROR;
				GCC_WARN_UNDECLARED_SELECTOR = YES;
				GCC_WARN_UNINITIALIZED_AUTOS = YES_AGGRESSIVE;
				GCC_WARN_UNUSED_FUNCTION = YES;
				GCC_WARN_UNUSED_VARIABLE = YES;
				IPHONEOS_DEPLOYMENT_TARGET = 15.5;
				MTL_ENABLE_DEBUG_INFO = NO;
				MTL_FAST_MATH = YES;
				SDKROOT = iphoneos;
				SWIFT_COMPILATION_MODE = wholemodule;
				SWIFT_OPTIMIZATION_LEVEL = "-O";
				SWIFT_VERSION = 5.0;
				VALIDATE_PRODUCT = YES;
			};
			name = Release;
		};
		E3831AA0290129870005AC2B /* Debug */ = {
			isa = XCBuildConfiguration;
			buildSettings = {
				ASSETCATALOG_COMPILER_APPICON_NAME = AppIcon;
				ASSETCATALOG_COMPILER_GLOBAL_ACCENT_COLOR_NAME = AccentColor;
				CODE_SIGN_STYLE = Automatic;
				CURRENT_PROJECT_VERSION = 1;
				DEVELOPMENT_ASSET_PATHS = "\"scale2x/Preview Content\"";
				DEVELOPMENT_TEAM = 7X9729YBBN;
				ENABLE_PREVIEWS = YES;
				GENERATE_INFOPLIST_FILE = YES;
				INFOPLIST_KEY_UIApplicationSceneManifest_Generation = YES;
				INFOPLIST_KEY_UIApplicationSupportsIndirectInputEvents = YES;
				INFOPLIST_KEY_UILaunchScreen_Generation = YES;
				INFOPLIST_KEY_UISupportedInterfaceOrientations_iPad = "UIInterfaceOrientationPortrait UIInterfaceOrientationPortraitUpsideDown UIInterfaceOrientationLandscapeLeft UIInterfaceOrientationLandscapeRight";
				INFOPLIST_KEY_UISupportedInterfaceOrientations_iPhone = "UIInterfaceOrientationPortrait UIInterfaceOrientationLandscapeLeft UIInterfaceOrientationLandscapeRight";
				INFOPLIST_KEY_UIUserInterfaceStyle = Light;
				IPHONEOS_DEPLOYMENT_TARGET = 15.5;
				LD_RUNPATH_SEARCH_PATHS = (
					"$(inherited)",
					"@executable_path/Frameworks",
				);
				MARKETING_VERSION = 1.0;
				PRODUCT_BUNDLE_IDENTIFIER = com.amutlugun.scale2x;
				PRODUCT_NAME = "$(TARGET_NAME)";
				SUPPORTED_PLATFORMS = "iphoneos iphonesimulator";
				SUPPORTS_MACCATALYST = NO;
				SUPPORTS_MAC_DESIGNED_FOR_IPHONE_IPAD = YES;
				SWIFT_EMIT_LOC_STRINGS = YES;
				SWIFT_VERSION = 5.0;
				TARGETED_DEVICE_FAMILY = "1,2";
			};
			name = Debug;
		};
		E3831AA1290129870005AC2B /* Release */ = {
			isa = XCBuildConfiguration;
			buildSettings = {
				ASSETCATALOG_COMPILER_APPICON_NAME = AppIcon;
				ASSETCATALOG_COMPILER_GLOBAL_ACCENT_COLOR_NAME = AccentColor;
				CODE_SIGN_STYLE = Automatic;
				CURRENT_PROJECT_VERSION = 1;
				DEVELOPMENT_ASSET_PATHS = "\"scale2x/Preview Content\"";
				DEVELOPMENT_TEAM = 7X9729YBBN;
				ENABLE_PREVIEWS = YES;
				GENERATE_INFOPLIST_FILE = YES;
				INFOPLIST_KEY_UIApplicationSceneManifest_Generation = YES;
				INFOPLIST_KEY_UIApplicationSupportsIndirectInputEvents = YES;
				INFOPLIST_KEY_UILaunchScreen_Generation = YES;
				INFOPLIST_KEY_UISupportedInterfaceOrientations_iPad = "UIInterfaceOrientationPortrait UIInterfaceOrientationPortraitUpsideDown UIInterfaceOrientationLandscapeLeft UIInterfaceOrientationLandscapeRight";
				INFOPLIST_KEY_UISupportedInterfaceOrientations_iPhone = "UIInterfaceOrientationPortrait UIInterfaceOrientationLandscapeLeft UIInterfaceOrientationLandscapeRight";
				INFOPLIST_KEY_UIUserInterfaceStyle = Light;
				IPHONEOS_DEPLOYMENT_TARGET = 15.5;
				LD_RUNPATH_SEARCH_PATHS = (
					"$(inherited)",
					"@executable_path/Frameworks",
				);
				MARKETING_VERSION = 1.0;
				PRODUCT_BUNDLE_IDENTIFIER = com.amutlugun.scale2x;
				PRODUCT_NAME = "$(TARGET_NAME)";
				SUPPORTED_PLATFORMS = "iphoneos iphonesimulator";
				SUPPORTS_MACCATALYST = NO;
				SUPPORTS_MAC_DESIGNED_FOR_IPHONE_IPAD = YES;
				SWIFT_EMIT_LOC_STRINGS = YES;
				SWIFT_VERSION = 5.0;
				TARGETED_DEVICE_FAMILY = "1,2";
			};
			name = Release;
		};
/* End XCBuildConfiguration section */

/* Begin XCConfigurationList section */
		E3831A8C290129860005AC2B /* Build configuration list for PBXProject "scale2x" */ = {
			isa = XCConfigurationList;
			buildConfigurations = (
				E3831A9D290129870005AC2B /* Debug */,
				E3831A9E290129870005AC2B /* Release */,
			);
			defaultConfigurationIsVisible = 0;
			defaultConfigurationName = Release;
		};
		E3831A9F290129870005AC2B /* Build configuration list for PBXNativeTarget "scale2x" */ = {
			isa = XCConfigurationList;
			buildConfigurations = (
				E3831AA0290129870005AC2B /* Debug */,
				E3831AA1290129870005AC2B /* Release */,
			);
			defaultConfigurationIsVisible = 0;
			defaultConfigurationName = Release;
		};
/* End XCConfigurationList section */
	};
	rootObject = E3831A89290129860005AC2B /* Project object */;
}
